
Microsoft Visual Studio Solution File, Format Version 11.00
# Visual C# Express 2010
Project("{FAE04EC0-301F-11D3-BF4B-00C04F79EFBC}") = "ModelGraphicTool", "ModelGraphicTool\ModelGraphicTool.csproj", "{52D9FF56-6829-48F1-92C9-C5C60FC1A793}"
EndProject
Global
	GlobalSection(SolutionConfigurationPlatforms) = preSolution
		Debug|Any CPU = Debug|Any CPU
		Release|Any CPU = Release|Any CPU
	EndGlobalSection
	GlobalSection(ProjectConfigurationPlatforms) = postSolution
		{52D9FF56-6829-48F1-92C9-C5C60FC1A793}.Debug|Any CPU.ActiveCfg = Debug|Any CPU
		{52D9FF56-6829-48F1-92C9-C5C60FC1A793}.Debug|Any CPU.Build.0 = Debug|Any CPU
		{52D9FF56-6829-48F1-92C9-C5C60FC1A793}.Release|Any CPU.ActiveCfg = Release|Any CPU
		{52D9FF56-6829-48F1-92C9-C5C60FC1A793}.Release|Any CPU.Build.0 = Release|Any CPU
	EndGlobalSection
	GlobalSection(SolutionProperties) = preSolution
		HideSolutionNode = FALSE
	EndGlobalSection
EndGlobal
